
Microsoft Visual Studio Solution File, Format Version 12.00
# Visual Studio Version 17
VisualStudioVersion = 17.3.32929.385
MinimumVisualStudioVersion = 10.0.40219.1
Project("{FAE04EC0-301F-11D3-BF4B-00C04F79EFBC}") = "ProjetoMuralis", "ProjetoMuralis\ProjetoMuralis.csproj", "{3DCCACE2-BB46-48C7-BB6F-7C7868C5390F}"
EndProject
Global
	GlobalSection(SolutionConfigurationPlatforms) = preSolution
		Debug|Any CPU = Debug|Any CPU
		Release|Any CPU = Release|Any CPU
	EndGlobalSection
	GlobalSection(ProjectConfigurationPlatforms) = postSolution
		{3DCCACE2-BB46-48C7-BB6F-7C7868C5390F}.Debug|Any CPU.ActiveCfg = Debug|Any CPU
		{3DCCACE2-BB46-48C7-BB6F-7C7868C5390F}.Debug|Any CPU.Build.0 = Debug|Any CPU
		{3DCCACE2-BB46-48C7-BB6F-7C7868C5390F}.Release|Any CPU.ActiveCfg = Release|Any CPU
		{3DCCACE2-BB46-48C7-BB6F-7C7868C5390F}.Release|Any CPU.Build.0 = Release|Any CPU
	EndGlobalSection
	GlobalSection(SolutionProperties) = preSolution
		HideSolutionNode = FALSE
	EndGlobalSection
	GlobalSection(ExtensibilityGlobals) = postSolution
		SolutionGuid = {72E04896-6337-4657-9ABF-3A1A9FAC78C7}
	EndGlobalSection
EndGlobal
